
Microsoft Visual Studio Solution File, Format Version 12.00
# Visual Studio 15
VisualStudioVersion = 15.0.28307.168
MinimumVisualStudioVersion = 10.0.40219.1
Project("{FAE04EC0-301F-11D3-BF4B-00C04F79EFBC}") = "GCP_test", "GCP_test\GCP_test.csproj", "{456E146B-D518-4881-BE78-BCBC3A5DE7CD}"
EndProject
Global
	GlobalSection(SolutionConfigurationPlatforms) = preSolution
		Debug|Any CPU = Debug|Any CPU
		Release|Any CPU = Release|Any CPU
	EndGlobalSection
	GlobalSection(ProjectConfigurationPlatforms) = postSolution
		{456E146B-D518-4881-BE78-BCBC3A5DE7CD}.Debug|Any CPU.ActiveCfg = Debug|Any CPU
		{456E146B-D518-4881-BE78-BCBC3A5DE7CD}.Debug|Any CPU.Build.0 = Debug|Any CPU
		{456E146B-D518-4881-BE78-BCBC3A5DE7CD}.Release|Any CPU.ActiveCfg = Release|Any CPU
		{456E146B-D518-4881-BE78-BCBC3A5DE7CD}.Release|Any CPU.Build.0 = Release|Any CPU
	EndGlobalSection
	GlobalSection(SolutionProperties) = preSolution
		HideSolutionNode = FALSE
	EndGlobalSection
	GlobalSection(ExtensibilityGlobals) = postSolution
		SolutionGuid = {CD5B46C1-B001-4D69-91D7-B5C4E3889A1E}
	EndGlobalSection
EndGlobal
